
Microsoft Visual Studio Solution File, Format Version 12.00
# Visual Studio 15
VisualStudioVersion = 15.0.27130.2036
MinimumVisualStudioVersion = 10.0.40219.1
Project("{9A19103F-16F7-4668-BE54-9A1E7A4F7556}") = "Shoppy.Api", "Shoppy.Api\Shoppy.Api.csproj", "{205BB606-26AB-46B4-A4CF-BE2DB2986E41}"
EndProject
Project("{9A19103F-16F7-4668-BE54-9A1E7A4F7556}") = "Shoppy.Core", "Shoppy.Core\Shoppy.Core.csproj", "{EE593CFB-6DBB-4F0E-A51D-E8901D8D475B}"
EndProject
Project("{9A19103F-16F7-4668-BE54-9A1E7A4F7556}") = "Shoppy.Application", "Shoppy.Application\Shoppy.Application.csproj", "{C1628844-D3EC-4B4C-9FAC-2ADD5DD9F343}"
EndProject
Project("{9A19103F-16F7-4668-BE54-9A1E7A4F7556}") = "Shoppy.Data", "Shoppy.Data\Shoppy.Data.csproj", "{986205CA-3597-411F-A143-00780BA1E128}"
EndProject
Project("{9A19103F-16F7-4668-BE54-9A1E7A4F7556}") = "Shoppy.Utils", "Shoppy.Utils\Shoppy.Utils.csproj", "{5DA2EDF6-67BA-40E8-B9C9-797E479F1EC8}"
EndProject
Project("{9A19103F-16F7-4668-BE54-9A1E7A4F7556}") = "Shoppy.Tests", "..\test\Shoppy.Tests\Shoppy.Tests.csproj", "{82CE1129-7A91-4F83-9BD6-92115B5CD8EE}"
EndProject
Project("{2150E333-8FDC-42A3-9474-1A3956D46DE8}") = "test", "test", "{639BE11F-4559-4963-92B4-ED5D2AEFE65B}"
EndProject
Global
	GlobalSection(SolutionConfigurationPlatforms) = preSolution
		Debug|Any CPU = Debug|Any CPU
		Release|Any CPU = Release|Any CPU
	EndGlobalSection
	GlobalSection(ProjectConfigurationPlatforms) = postSolution
		{205BB606-26AB-46B4-A4CF-BE2DB2986E41}.Debug|Any CPU.ActiveCfg = Debug|Any CPU
		{205BB606-26AB-46B4-A4CF-BE2DB2986E41}.Debug|Any CPU.Build.0 = Debug|Any CPU
		{205BB606-26AB-46B4-A4CF-BE2DB2986E41}.Release|Any CPU.ActiveCfg = Release|Any CPU
		{205BB606-26AB-46B4-A4CF-BE2DB2986E41}.Release|Any CPU.Build.0 = Release|Any CPU
		{EE593CFB-6DBB-4F0E-A51D-E8901D8D475B}.Debug|Any CPU.ActiveCfg = Debug|Any CPU
		{EE593CFB-6DBB-4F0E-A51D-E8901D8D475B}.Debug|Any CPU.Build.0 = Debug|Any CPU
		{EE593CFB-6DBB-4F0E-A51D-E8901D8D475B}.Release|Any CPU.ActiveCfg = Release|Any CPU
		{EE593CFB-6DBB-4F0E-A51D-E8901D8D475B}.Release|Any CPU.Build.0 = Release|Any CPU
		{C1628844-D3EC-4B4C-9FAC-2ADD5DD9F343}.Debug|Any CPU.ActiveCfg = Debug|Any CPU
		{C1628844-D3EC-4B4C-9FAC-2ADD5DD9F343}.Debug|Any CPU.Build.0 = Debug|Any CPU
		{C1628844-D3EC-4B4C-9FAC-2ADD5DD9F343}.Release|Any CPU.ActiveCfg = Release|Any CPU
		{C1628844-D3EC-4B4C-9FAC-2ADD5DD9F343}.Release|Any CPU.Build.0 = Release|Any CPU
		{986205CA-3597-411F-A143-00780BA1E128}.Debug|Any CPU.ActiveCfg = Debug|Any CPU
		{986205CA-3597-411F-A143-00780BA1E128}.Debug|Any CPU.Build.0 = Debug|Any CPU
		{986205CA-3597-411F-A143-00780BA1E128}.Release|Any CPU.ActiveCfg = Release|Any CPU
		{986205CA-3597-411F-A143-00780BA1E128}.Release|Any CPU.Build.0 = Release|Any CPU
		{5DA2EDF6-67BA-40E8-B9C9-797E479F1EC8}.Debug|Any CPU.ActiveCfg = Debug|Any CPU
		{5DA2EDF6-67BA-40E8-B9C9-797E479F1EC8}.Debug|Any CPU.Build.0 = Debug|Any CPU
		{5DA2EDF6-67BA-40E8-B9C9-797E479F1EC8}.Release|Any CPU.ActiveCfg = Release|Any CPU
		{5DA2EDF6-67BA-40E8-B9C9-797E479F1EC8}.Release|Any CPU.Build.0 = Release|Any CPU
		{82CE1129-7A91-4F83-9BD6-92115B5CD8EE}.Debug|Any CPU.ActiveCfg = Debug|Any CPU
		{82CE1129-7A91-4F83-9BD6-92115B5CD8EE}.Debug|Any CPU.Build.0 = Debug|Any CPU
		{82CE1129-7A91-4F83-9BD6-92115B5CD8EE}.Release|Any CPU.ActiveCfg = Release|Any CPU
		{82CE1129-7A91-4F83-9BD6-92115B5CD8EE}.Release|Any CPU.Build.0 = Release|Any CPU
	EndGlobalSection
	GlobalSection(SolutionProperties) = preSolution
		HideSolutionNode = FALSE
	EndGlobalSection
	GlobalSection(NestedProjects) = preSolution
		{82CE1129-7A91-4F83-9BD6-92115B5CD8EE} = {639BE11F-4559-4963-92B4-ED5D2AEFE65B}
	EndGlobalSection
	GlobalSection(ExtensibilityGlobals) = postSolution
		SolutionGuid = {223BE6E9-95BE-478D-8A5A-927EB7B255DF}
	EndGlobalSection
EndGlobal
